
Microsoft Visual Studio Solution File, Format Version 12.00
# Visual Studio Version 17
VisualStudioVersion = 17.3.32819.101
MinimumVisualStudioVersion = 10.0.40219.1
Project("{2150E333-8FDC-42A3-9474-1A3956D46DE8}") = "Microservices", "Microservices", "{5D150715-C60C-43C4-82DA-55751411A175}"
EndProject
Project("{9A19103F-16F7-4668-BE54-9A1E7A4F7556}") = "AdminService", "Microservices\AdminService\AdminService.csproj", "{5A8F7987-4964-4CCE-B86B-43CA34CBE0F6}"
EndProject
Project("{9A19103F-16F7-4668-BE54-9A1E7A4F7556}") = "DetailingService", "Microservices\DetailingService\DetailingService.csproj", "{FCCB77A8-CA41-4B84-8453-1370DF20517A}"
EndProject
Project("{9A19103F-16F7-4668-BE54-9A1E7A4F7556}") = "ODOS.GatewayAPI", "ODOS.GatewayAPI\ODOS.GatewayAPI\ODOS.GatewayAPI.csproj", "{3A707933-D2FF-492D-BCE6-CD4E9075833A}"
EndProject
Project("{9A19103F-16F7-4668-BE54-9A1E7A4F7556}") = "IdentityServer", "IdentityServer\IdentityServer\IdentityServer.csproj", "{31051A58-EDF2-4001-B984-806E3545D2D9}"
EndProject
Project("{9A19103F-16F7-4668-BE54-9A1E7A4F7556}") = "ShapeCodeService", "Microservices\ShapeCodeService\ShapeCodeService.csproj", "{5264DF36-3F8B-45E9-9A75-F16FDC121A7E}"
EndProject
Project("{9A19103F-16F7-4668-BE54-9A1E7A4F7556}") = "WBSService", "Microservices\WBSService\WBSService.csproj", "{7E055E8A-DA7E-4BA9-8A6F-E01036539DC3}"
EndProject
Project("{9A19103F-16F7-4668-BE54-9A1E7A4F7556}") = "CABService", "Microservices\CABService\CABService.csproj", "{851A724A-AE70-445F-A037-7CB2F149D5CE}"
EndProject
Project("{9A19103F-16F7-4668-BE54-9A1E7A4F7556}") = "MasterDataService", "Microservices\MasterDataService\MasterDataService.csproj", "{A6E175C5-DFD0-45F9-83CC-E00E7DA79CFE}"
EndProject
Project("{9A19103F-16F7-4668-BE54-9A1E7A4F7556}") = "OrderService", "Microservices\OrderService\OrderService.csproj", "{0F95E1A9-23F5-44B9-9742-1A466D5DE40C}"
EndProject
Project("{9A19103F-16F7-4668-BE54-9A1E7A4F7556}") = "CommonServices", "Microservices\CommonServices\CommonServices.csproj", "{6A098DA8-4B15-48E9-AD2B-6F1D2B880E5F}"
EndProject
Project("{9A19103F-16F7-4668-BE54-9A1E7A4F7556}") = "ProductCodeMasterService", "Microservices\ProductCodeMasterService\ProductCodeMasterService.csproj", "{CE7BB68C-F0B6-4C29-BED6-6A750CC301E6}"
EndProject
Project("{9A19103F-16F7-4668-BE54-9A1E7A4F7556}") = "ParameterSetService", "Microservices\ParameterSetService\ParameterSetService.csproj", "{C71A49EA-3181-4AAB-BCCE-AB1E76975FAA}"
EndProject
Project("{2150E333-8FDC-42A3-9474-1A3956D46DE8}") = "SupportCode", "SupportCode", "{D563C3E4-DFF3-47CB-BACA-F3F2E42A36AB}"
EndProject
Project("{FAE04EC0-301F-11D3-BF4B-00C04F79EFBC}") = "ExpressionParser", "SupportCode\ExpressionParser\ExpressionParser\ExpressionParser.csproj", "{D167527C-C653-416C-891B-BAA4DAAB8E72}"
EndProject
Project("{9A19103F-16F7-4668-BE54-9A1E7A4F7556}") = "UtilityService", "Microservices\UtilityService\UtilityService.csproj", "{0EC7682B-940A-485F-A22A-483E3CA105D5}"
EndProject
Project("{FAE04EC0-301F-11D3-BF4B-00C04F79EFBC}") = "SAP_API", "Microservices\SAP_API\SAP_API\SAP_API.csproj", "{3625BAAE-0038-4762-90E5-25EC1E1C7BAE}"
EndProject
Project("{9A19103F-16F7-4668-BE54-9A1E7A4F7556}") = "DrainService", "Microservices\DrainService\DrainService.csproj", "{526E03E5-1625-440D-8EA2-BA60BE76BDB3}"
EndProject
Project("{9A19103F-16F7-4668-BE54-9A1E7A4F7556}") = "TokenHandler", "TokenHandler\TokenHandler.csproj", "{702388F4-86CE-44A0-9179-042187FB3CB7}"
EndProject
Project("{FAE04EC0-301F-11D3-BF4B-00C04F79EFBC}") = "SAP_API", "Microservices\Dev_SAP_API\SAP_API\SAP_API.csproj", "{225F89D3-F0C6-4A47-AEE8-B99BD60F171E}"
EndProject
Global
	GlobalSection(SolutionConfigurationPlatforms) = preSolution
		Debug|Any CPU = Debug|Any CPU
		Debug|x64 = Debug|x64
		Debug|x86 = Debug|x86
		Release|Any CPU = Release|Any CPU
		Release|x64 = Release|x64
		Release|x86 = Release|x86
	EndGlobalSection
	GlobalSection(ProjectConfigurationPlatforms) = postSolution
		{5A8F7987-4964-4CCE-B86B-43CA34CBE0F6}.Debug|Any CPU.ActiveCfg = Debug|Any CPU
		{5A8F7987-4964-4CCE-B86B-43CA34CBE0F6}.Debug|Any CPU.Build.0 = Debug|Any CPU
		{5A8F7987-4964-4CCE-B86B-43CA34CBE0F6}.Debug|x64.ActiveCfg = Debug|Any CPU
		{5A8F7987-4964-4CCE-B86B-43CA34CBE0F6}.Debug|x64.Build.0 = Debug|Any CPU
		{5A8F7987-4964-4CCE-B86B-43CA34CBE0F6}.Debug|x86.ActiveCfg = Debug|Any CPU
		{5A8F7987-4964-4CCE-B86B-43CA34CBE0F6}.Debug|x86.Build.0 = Debug|Any CPU
		{5A8F7987-4964-4CCE-B86B-43CA34CBE0F6}.Release|Any CPU.ActiveCfg = Release|Any CPU
		{5A8F7987-4964-4CCE-B86B-43CA34CBE0F6}.Release|Any CPU.Build.0 = Release|Any CPU
		{5A8F7987-4964-4CCE-B86B-43CA34CBE0F6}.Release|x64.ActiveCfg = Release|Any CPU
		{5A8F7987-4964-4CCE-B86B-43CA34CBE0F6}.Release|x64.Build.0 = Release|Any CPU
		{5A8F7987-4964-4CCE-B86B-43CA34CBE0F6}.Release|x86.ActiveCfg = Release|Any CPU
		{5A8F7987-4964-4CCE-B86B-43CA34CBE0F6}.Release|x86.Build.0 = Release|Any CPU
		{FCCB77A8-CA41-4B84-8453-1370DF20517A}.Debug|Any CPU.ActiveCfg = Debug|Any CPU
		{FCCB77A8-CA41-4B84-8453-1370DF20517A}.Debug|Any CPU.Build.0 = Debug|Any CPU
		{FCCB77A8-CA41-4B84-8453-1370DF20517A}.Debug|x64.ActiveCfg = Debug|Any CPU
		{FCCB77A8-CA41-4B84-8453-1370DF20517A}.Debug|x64.Build.0 = Debug|Any CPU
		{FCCB77A8-CA41-4B84-8453-1370DF20517A}.Debug|x86.ActiveCfg = Debug|Any CPU
		{FCCB77A8-CA41-4B84-8453-1370DF20517A}.Debug|x86.Build.0 = Debug|Any CPU
		{FCCB77A8-CA41-4B84-8453-1370DF20517A}.Release|Any CPU.ActiveCfg = Release|Any CPU
		{FCCB77A8-CA41-4B84-8453-1370DF20517A}.Release|Any CPU.Build.0 = Release|Any CPU
		{FCCB77A8-CA41-4B84-8453-1370DF20517A}.Release|x64.ActiveCfg = Release|Any CPU
		{FCCB77A8-CA41-4B84-8453-1370DF20517A}.Release|x64.Build.0 = Release|Any CPU
		{FCCB77A8-CA41-4B84-8453-1370DF20517A}.Release|x86.ActiveCfg = Release|Any CPU
		{FCCB77A8-CA41-4B84-8453-1370DF20517A}.Release|x86.Build.0 = Release|Any CPU
		{3A707933-D2FF-492D-BCE6-CD4E9075833A}.Debug|Any CPU.ActiveCfg = Debug|Any CPU
		{3A707933-D2FF-492D-BCE6-CD4E9075833A}.Debug|Any CPU.Build.0 = Debug|Any CPU
		{3A707933-D2FF-492D-BCE6-CD4E9075833A}.Debug|x64.ActiveCfg = Debug|Any CPU
		{3A707933-D2FF-492D-BCE6-CD4E9075833A}.Debug|x64.Build.0 = Debug|Any CPU
		{3A707933-D2FF-492D-BCE6-CD4E9075833A}.Debug|x86.ActiveCfg = Debug|Any CPU
		{3A707933-D2FF-492D-BCE6-CD4E9075833A}.Debug|x86.Build.0 = Debug|Any CPU
		{3A707933-D2FF-492D-BCE6-CD4E9075833A}.Release|Any CPU.ActiveCfg = Release|Any CPU
		{3A707933-D2FF-492D-BCE6-CD4E9075833A}.Release|Any CPU.Build.0 = Release|Any CPU
		{3A707933-D2FF-492D-BCE6-CD4E9075833A}.Release|x64.ActiveCfg = Release|Any CPU
		{3A707933-D2FF-492D-BCE6-CD4E9075833A}.Release|x64.Build.0 = Release|Any CPU
		{3A707933-D2FF-492D-BCE6-CD4E9075833A}.Release|x86.ActiveCfg = Release|Any CPU
		{3A707933-D2FF-492D-BCE6-CD4E9075833A}.Release|x86.Build.0 = Release|Any CPU
		{31051A58-EDF2-4001-B984-806E3545D2D9}.Debug|Any CPU.ActiveCfg = Debug|Any CPU
		{31051A58-EDF2-4001-B984-806E3545D2D9}.Debug|Any CPU.Build.0 = Debug|Any CPU
		{31051A58-EDF2-4001-B984-806E3545D2D9}.Debug|x64.ActiveCfg = Debug|Any CPU
		{31051A58-EDF2-4001-B984-806E3545D2D9}.Debug|x64.Build.0 = Debug|Any CPU
		{31051A58-EDF2-4001-B984-806E3545D2D9}.Debug|x86.ActiveCfg = Debug|Any CPU
		{31051A58-EDF2-4001-B984-806E3545D2D9}.Debug|x86.Build.0 = Debug|Any CPU
		{31051A58-EDF2-4001-B984-806E3545D2D9}.Release|Any CPU.ActiveCfg = Release|Any CPU
		{31051A58-EDF2-4001-B984-806E3545D2D9}.Release|Any CPU.Build.0 = Release|Any CPU
		{31051A58-EDF2-4001-B984-806E3545D2D9}.Release|x64.ActiveCfg = Release|Any CPU
		{31051A58-EDF2-4001-B984-806E3545D2D9}.Release|x64.Build.0 = Release|Any CPU
		{31051A58-EDF2-4001-B984-806E3545D2D9}.Release|x86.ActiveCfg = Release|Any CPU
		{31051A58-EDF2-4001-B984-806E3545D2D9}.Release|x86.Build.0 = Release|Any CPU
		{5264DF36-3F8B-45E9-9A75-F16FDC121A7E}.Debug|Any CPU.ActiveCfg = Debug|Any CPU
		{5264DF36-3F8B-45E9-9A75-F16FDC121A7E}.Debug|Any CPU.Build.0 = Debug|Any CPU
		{5264DF36-3F8B-45E9-9A75-F16FDC121A7E}.Debug|x64.ActiveCfg = Debug|Any CPU
		{5264DF36-3F8B-45E9-9A75-F16FDC121A7E}.Debug|x64.Build.0 = Debug|Any CPU
		{5264DF36-3F8B-45E9-9A75-F16FDC121A7E}.Debug|x86.ActiveCfg = Debug|Any CPU
		{5264DF36-3F8B-45E9-9A75-F16FDC121A7E}.Debug|x86.Build.0 = Debug|Any CPU
		{5264DF36-3F8B-45E9-9A75-F16FDC121A7E}.Release|Any CPU.ActiveCfg = Release|Any CPU
		{5264DF36-3F8B-45E9-9A75-F16FDC121A7E}.Release|Any CPU.Build.0 = Release|Any CPU
		{5264DF36-3F8B-45E9-9A75-F16FDC121A7E}.Release|x64.ActiveCfg = Release|Any CPU
		{5264DF36-3F8B-45E9-9A75-F16FDC121A7E}.Release|x64.Build.0 = Release|Any CPU
		{5264DF36-3F8B-45E9-9A75-F16FDC121A7E}.Release|x86.ActiveCfg = Release|Any CPU
		{5264DF36-3F8B-45E9-9A75-F16FDC121A7E}.Release|x86.Build.0 = Release|Any CPU
		{7E055E8A-DA7E-4BA9-8A6F-E01036539DC3}.Debug|Any CPU.ActiveCfg = Debug|Any CPU
		{7E055E8A-DA7E-4BA9-8A6F-E01036539DC3}.Debug|Any CPU.Build.0 = Debug|Any CPU
		{7E055E8A-DA7E-4BA9-8A6F-E01036539DC3}.Debug|x64.ActiveCfg = Debug|Any CPU
		{7E055E8A-DA7E-4BA9-8A6F-E01036539DC3}.Debug|x64.Build.0 = Debug|Any CPU
		{7E055E8A-DA7E-4BA9-8A6F-E01036539DC3}.Debug|x86.ActiveCfg = Debug|Any CPU
		{7E055E8A-DA7E-4BA9-8A6F-E01036539DC3}.Debug|x86.Build.0 = Debug|Any CPU
		{7E055E8A-DA7E-4BA9-8A6F-E01036539DC3}.Release|Any CPU.ActiveCfg = Release|Any CPU
		{7E055E8A-DA7E-4BA9-8A6F-E01036539DC3}.Release|Any CPU.Build.0 = Release|Any CPU
		{7E055E8A-DA7E-4BA9-8A6F-E01036539DC3}.Release|x64.ActiveCfg = Release|Any CPU
		{7E055E8A-DA7E-4BA9-8A6F-E01036539DC3}.Release|x64.Build.0 = Release|Any CPU
		{7E055E8A-DA7E-4BA9-8A6F-E01036539DC3}.Release|x86.ActiveCfg = Release|Any CPU
		{7E055E8A-DA7E-4BA9-8A6F-E01036539DC3}.Release|x86.Build.0 = Release|Any CPU
		{851A724A-AE70-445F-A037-7CB2F149D5CE}.Debug|Any CPU.ActiveCfg = Debug|Any CPU
		{851A724A-AE70-445F-A037-7CB2F149D5CE}.Debug|Any CPU.Build.0 = Debug|Any CPU
		{851A724A-AE70-445F-A037-7CB2F149D5CE}.Debug|x64.ActiveCfg = Debug|Any CPU
		{851A724A-AE70-445F-A037-7CB2F149D5CE}.Debug|x64.Build.0 = Debug|Any CPU
		{851A724A-AE70-445F-A037-7CB2F149D5CE}.Debug|x86.ActiveCfg = Debug|Any CPU
		{851A724A-AE70-445F-A037-7CB2F149D5CE}.Debug|x86.Build.0 = Debug|Any CPU
		{851A724A-AE70-445F-A037-7CB2F149D5CE}.Release|Any CPU.ActiveCfg = Release|Any CPU
		{851A724A-AE70-445F-A037-7CB2F149D5CE}.Release|Any CPU.Build.0 = Release|Any CPU
		{851A724A-AE70-445F-A037-7CB2F149D5CE}.Release|x64.ActiveCfg = Release|Any CPU
		{851A724A-AE70-445F-A037-7CB2F149D5CE}.Release|x64.Build.0 = Release|Any CPU
		{851A724A-AE70-445F-A037-7CB2F149D5CE}.Release|x86.ActiveCfg = Release|Any CPU
		{851A724A-AE70-445F-A037-7CB2F149D5CE}.Release|x86.Build.0 = Release|Any CPU
		{A6E175C5-DFD0-45F9-83CC-E00E7DA79CFE}.Debug|Any CPU.ActiveCfg = Debug|Any CPU
		{A6E175C5-DFD0-45F9-83CC-E00E7DA79CFE}.Debug|Any CPU.Build.0 = Debug|Any CPU
		{A6E175C5-DFD0-45F9-83CC-E00E7DA79CFE}.Debug|x64.ActiveCfg = Debug|Any CPU
		{A6E175C5-DFD0-45F9-83CC-E00E7DA79CFE}.Debug|x64.Build.0 = Debug|Any CPU
		{A6E175C5-DFD0-45F9-83CC-E00E7DA79CFE}.Debug|x86.ActiveCfg = Debug|Any CPU
		{A6E175C5-DFD0-45F9-83CC-E00E7DA79CFE}.Debug|x86.Build.0 = Debug|Any CPU
		{A6E175C5-DFD0-45F9-83CC-E00E7DA79CFE}.Release|Any CPU.ActiveCfg = Release|Any CPU
		{A6E175C5-DFD0-45F9-83CC-E00E7DA79CFE}.Release|Any CPU.Build.0 = Release|Any CPU
		{A6E175C5-DFD0-45F9-83CC-E00E7DA79CFE}.Release|x64.ActiveCfg = Release|Any CPU
		{A6E175C5-DFD0-45F9-83CC-E00E7DA79CFE}.Release|x64.Build.0 = Release|Any CPU
		{A6E175C5-DFD0-45F9-83CC-E00E7DA79CFE}.Release|x86.ActiveCfg = Release|Any CPU
		{A6E175C5-DFD0-45F9-83CC-E00E7DA79CFE}.Release|x86.Build.0 = Release|Any CPU
		{0F95E1A9-23F5-44B9-9742-1A466D5DE40C}.Debug|Any CPU.ActiveCfg = Debug|Any CPU
		{0F95E1A9-23F5-44B9-9742-1A466D5DE40C}.Debug|Any CPU.Build.0 = Debug|Any CPU
		{0F95E1A9-23F5-44B9-9742-1A466D5DE40C}.Debug|x64.ActiveCfg = Debug|Any CPU
		{0F95E1A9-23F5-44B9-9742-1A466D5DE40C}.Debug|x64.Build.0 = Debug|Any CPU
		{0F95E1A9-23F5-44B9-9742-1A466D5DE40C}.Debug|x86.ActiveCfg = Debug|Any CPU
		{0F95E1A9-23F5-44B9-9742-1A466D5DE40C}.Debug|x86.Build.0 = Debug|Any CPU
		{0F95E1A9-23F5-44B9-9742-1A466D5DE40C}.Release|Any CPU.ActiveCfg = Release|Any CPU
		{0F95E1A9-23F5-44B9-9742-1A466D5DE40C}.Release|Any CPU.Build.0 = Release|Any CPU
		{0F95E1A9-23F5-44B9-9742-1A466D5DE40C}.Release|x64.ActiveCfg = Release|Any CPU
		{0F95E1A9-23F5-44B9-9742-1A466D5DE40C}.Release|x64.Build.0 = Release|Any CPU
		{0F95E1A9-23F5-44B9-9742-1A466D5DE40C}.Release|x86.ActiveCfg = Release|Any CPU
		{0F95E1A9-23F5-44B9-9742-1A466D5DE40C}.Release|x86.Build.0 = Release|Any CPU
		{6A098DA8-4B15-48E9-AD2B-6F1D2B880E5F}.Debug|Any CPU.ActiveCfg = Debug|Any CPU
		{6A098DA8-4B15-48E9-AD2B-6F1D2B880E5F}.Debug|Any CPU.Build.0 = Debug|Any CPU
		{6A098DA8-4B15-48E9-AD2B-6F1D2B880E5F}.Debug|x64.ActiveCfg = Debug|Any CPU
		{6A098DA8-4B15-48E9-AD2B-6F1D2B880E5F}.Debug|x64.Build.0 = Debug|Any CPU
		{6A098DA8-4B15-48E9-AD2B-6F1D2B880E5F}.Debug|x86.ActiveCfg = Debug|Any CPU
		{6A098DA8-4B15-48E9-AD2B-6F1D2B880E5F}.Debug|x86.Build.0 = Debug|Any CPU
		{6A098DA8-4B15-48E9-AD2B-6F1D2B880E5F}.Release|Any CPU.ActiveCfg = Release|Any CPU
		{6A098DA8-4B15-48E9-AD2B-6F1D2B880E5F}.Release|Any CPU.Build.0 = Release|Any CPU
		{6A098DA8-4B15-48E9-AD2B-6F1D2B880E5F}.Release|x64.ActiveCfg = Release|Any CPU
		{6A098DA8-4B15-48E9-AD2B-6F1D2B880E5F}.Release|x64.Build.0 = Release|Any CPU
		{6A098DA8-4B15-48E9-AD2B-6F1D2B880E5F}.Release|x86.ActiveCfg = Release|Any CPU
		{6A098DA8-4B15-48E9-AD2B-6F1D2B880E5F}.Release|x86.Build.0 = Release|Any CPU
		{CE7BB68C-F0B6-4C29-BED6-6A750CC301E6}.Debug|Any CPU.ActiveCfg = Debug|Any CPU
		{CE7BB68C-F0B6-4C29-BED6-6A750CC301E6}.Debug|Any CPU.Build.0 = Debug|Any CPU
		{CE7BB68C-F0B6-4C29-BED6-6A750CC301E6}.Debug|x64.ActiveCfg = Debug|Any CPU
		{CE7BB68C-F0B6-4C29-BED6-6A750CC301E6}.Debug|x64.Build.0 = Debug|Any CPU
		{CE7BB68C-F0B6-4C29-BED6-6A750CC301E6}.Debug|x86.ActiveCfg = Debug|Any CPU
		{CE7BB68C-F0B6-4C29-BED6-6A750CC301E6}.Debug|x86.Build.0 = Debug|Any CPU
		{CE7BB68C-F0B6-4C29-BED6-6A750CC301E6}.Release|Any CPU.ActiveCfg = Release|Any CPU
		{CE7BB68C-F0B6-4C29-BED6-6A750CC301E6}.Release|Any CPU.Build.0 = Release|Any CPU
		{CE7BB68C-F0B6-4C29-BED6-6A750CC301E6}.Release|x64.ActiveCfg = Release|Any CPU
		{CE7BB68C-F0B6-4C29-BED6-6A750CC301E6}.Release|x64.Build.0 = Release|Any CPU
		{CE7BB68C-F0B6-4C29-BED6-6A750CC301E6}.Release|x86.ActiveCfg = Release|Any CPU
		{CE7BB68C-F0B6-4C29-BED6-6A750CC301E6}.Release|x86.Build.0 = Release|Any CPU
		{C71A49EA-3181-4AAB-BCCE-AB1E76975FAA}.Debug|Any CPU.ActiveCfg = Debug|Any CPU
		{C71A49EA-3181-4AAB-BCCE-AB1E76975FAA}.Debug|Any CPU.Build.0 = Debug|Any CPU
		{C71A49EA-3181-4AAB-BCCE-AB1E76975FAA}.Debug|x64.ActiveCfg = Debug|Any CPU
		{C71A49EA-3181-4AAB-BCCE-AB1E76975FAA}.Debug|x64.Build.0 = Debug|Any CPU
		{C71A49EA-3181-4AAB-BCCE-AB1E76975FAA}.Debug|x86.ActiveCfg = Debug|Any CPU
		{C71A49EA-3181-4AAB-BCCE-AB1E76975FAA}.Debug|x86.Build.0 = Debug|Any CPU
		{C71A49EA-3181-4AAB-BCCE-AB1E76975FAA}.Release|Any CPU.ActiveCfg = Release|Any CPU
		{C71A49EA-3181-4AAB-BCCE-AB1E76975FAA}.Release|Any CPU.Build.0 = Release|Any CPU
		{C71A49EA-3181-4AAB-BCCE-AB1E76975FAA}.Release|x64.ActiveCfg = Release|Any CPU
		{C71A49EA-3181-4AAB-BCCE-AB1E76975FAA}.Release|x64.Build.0 = Release|Any CPU
		{C71A49EA-3181-4AAB-BCCE-AB1E76975FAA}.Release|x86.ActiveCfg = Release|Any CPU
		{C71A49EA-3181-4AAB-BCCE-AB1E76975FAA}.Release|x86.Build.0 = Release|Any CPU
		{D167527C-C653-416C-891B-BAA4DAAB8E72}.Debug|Any CPU.ActiveCfg = Debug|Any CPU
		{D167527C-C653-416C-891B-BAA4DAAB8E72}.Debug|Any CPU.Build.0 = Debug|Any CPU
		{D167527C-C653-416C-891B-BAA4DAAB8E72}.Debug|x64.ActiveCfg = Debug|Any CPU
		{D167527C-C653-416C-891B-BAA4DAAB8E72}.Debug|x64.Build.0 = Debug|Any CPU
		{D167527C-C653-416C-891B-BAA4DAAB8E72}.Debug|x86.ActiveCfg = Debug|Any CPU
		{D167527C-C653-416C-891B-BAA4DAAB8E72}.Debug|x86.Build.0 = Debug|Any CPU
		{D167527C-C653-416C-891B-BAA4DAAB8E72}.Release|Any CPU.ActiveCfg = Release|Any CPU
		{D167527C-C653-416C-891B-BAA4DAAB8E72}.Release|Any CPU.Build.0 = Release|Any CPU
		{D167527C-C653-416C-891B-BAA4DAAB8E72}.Release|x64.ActiveCfg = Release|Any CPU
		{D167527C-C653-416C-891B-BAA4DAAB8E72}.Release|x64.Build.0 = Release|Any CPU
		{D167527C-C653-416C-891B-BAA4DAAB8E72}.Release|x86.ActiveCfg = Release|Any CPU
		{D167527C-C653-416C-891B-BAA4DAAB8E72}.Release|x86.Build.0 = Release|Any CPU
		{0EC7682B-940A-485F-A22A-483E3CA105D5}.Debug|Any CPU.ActiveCfg = Debug|Any CPU
		{0EC7682B-940A-485F-A22A-483E3CA105D5}.Debug|Any CPU.Build.0 = Debug|Any CPU
		{0EC7682B-940A-485F-A22A-483E3CA105D5}.Debug|x64.ActiveCfg = Debug|Any CPU
		{0EC7682B-940A-485F-A22A-483E3CA105D5}.Debug|x64.Build.0 = Debug|Any CPU
		{0EC7682B-940A-485F-A22A-483E3CA105D5}.Debug|x86.ActiveCfg = Debug|Any CPU
		{0EC7682B-940A-485F-A22A-483E3CA105D5}.Debug|x86.Build.0 = Debug|Any CPU
		{0EC7682B-940A-485F-A22A-483E3CA105D5}.Release|Any CPU.ActiveCfg = Release|Any CPU
		{0EC7682B-940A-485F-A22A-483E3CA105D5}.Release|Any CPU.Build.0 = Release|Any CPU
		{0EC7682B-940A-485F-A22A-483E3CA105D5}.Release|x64.ActiveCfg = Release|Any CPU
		{0EC7682B-940A-485F-A22A-483E3CA105D5}.Release|x64.Build.0 = Release|Any CPU
		{0EC7682B-940A-485F-A22A-483E3CA105D5}.Release|x86.ActiveCfg = Release|Any CPU
		{0EC7682B-940A-485F-A22A-483E3CA105D5}.Release|x86.Build.0 = Release|Any CPU
		{3625BAAE-0038-4762-90E5-25EC1E1C7BAE}.Debug|Any CPU.ActiveCfg = Debug|Any CPU
		{3625BAAE-0038-4762-90E5-25EC1E1C7BAE}.Debug|Any CPU.Build.0 = Debug|Any CPU
		{3625BAAE-0038-4762-90E5-25EC1E1C7BAE}.Debug|x64.ActiveCfg = Debug|Any CPU
		{3625BAAE-0038-4762-90E5-25EC1E1C7BAE}.Debug|x64.Build.0 = Debug|Any CPU
		{3625BAAE-0038-4762-90E5-25EC1E1C7BAE}.Debug|x86.ActiveCfg = Debug|Any CPU
		{3625BAAE-0038-4762-90E5-25EC1E1C7BAE}.Debug|x86.Build.0 = Debug|Any CPU
		{3625BAAE-0038-4762-90E5-25EC1E1C7BAE}.Release|Any CPU.ActiveCfg = Release|Any CPU
		{3625BAAE-0038-4762-90E5-25EC1E1C7BAE}.Release|Any CPU.Build.0 = Release|Any CPU
		{3625BAAE-0038-4762-90E5-25EC1E1C7BAE}.Release|x64.ActiveCfg = Release|Any CPU
		{3625BAAE-0038-4762-90E5-25EC1E1C7BAE}.Release|x64.Build.0 = Release|Any CPU
		{3625BAAE-0038-4762-90E5-25EC1E1C7BAE}.Release|x86.ActiveCfg = Release|Any CPU
		{3625BAAE-0038-4762-90E5-25EC1E1C7BAE}.Release|x86.Build.0 = Release|Any CPU
		{526E03E5-1625-440D-8EA2-BA60BE76BDB3}.Debug|Any CPU.ActiveCfg = Debug|Any CPU
		{526E03E5-1625-440D-8EA2-BA60BE76BDB3}.Debug|Any CPU.Build.0 = Debug|Any CPU
		{526E03E5-1625-440D-8EA2-BA60BE76BDB3}.Debug|x64.ActiveCfg = Debug|Any CPU
		{526E03E5-1625-440D-8EA2-BA60BE76BDB3}.Debug|x64.Build.0 = Debug|Any CPU
		{526E03E5-1625-440D-8EA2-BA60BE76BDB3}.Debug|x86.ActiveCfg = Debug|Any CPU
		{526E03E5-1625-440D-8EA2-BA60BE76BDB3}.Debug|x86.Build.0 = Debug|Any CPU
		{526E03E5-1625-440D-8EA2-BA60BE76BDB3}.Release|Any CPU.ActiveCfg = Release|Any CPU
		{526E03E5-1625-440D-8EA2-BA60BE76BDB3}.Release|Any CPU.Build.0 = Release|Any CPU
		{526E03E5-1625-440D-8EA2-BA60BE76BDB3}.Release|x64.ActiveCfg = Release|Any CPU
		{526E03E5-1625-440D-8EA2-BA60BE76BDB3}.Release|x64.Build.0 = Release|Any CPU
		{526E03E5-1625-440D-8EA2-BA60BE76BDB3}.Release|x86.ActiveCfg = Release|Any CPU
		{526E03E5-1625-440D-8EA2-BA60BE76BDB3}.Release|x86.Build.0 = Release|Any CPU
		{702388F4-86CE-44A0-9179-042187FB3CB7}.Debug|Any CPU.ActiveCfg = Debug|Any CPU
		{702388F4-86CE-44A0-9179-042187FB3CB7}.Debug|Any CPU.Build.0 = Debug|Any CPU
		{702388F4-86CE-44A0-9179-042187FB3CB7}.Debug|x64.ActiveCfg = Debug|Any CPU
		{702388F4-86CE-44A0-9179-042187FB3CB7}.Debug|x64.Build.0 = Debug|Any CPU
		{702388F4-86CE-44A0-9179-042187FB3CB7}.Debug|x86.ActiveCfg = Debug|Any CPU
		{702388F4-86CE-44A0-9179-042187FB3CB7}.Debug|x86.Build.0 = Debug|Any CPU
		{702388F4-86CE-44A0-9179-042187FB3CB7}.Release|Any CPU.ActiveCfg = Release|Any CPU
		{702388F4-86CE-44A0-9179-042187FB3CB7}.Release|Any CPU.Build.0 = Release|Any CPU
		{702388F4-86CE-44A0-9179-042187FB3CB7}.Release|x64.ActiveCfg = Release|Any CPU
		{702388F4-86CE-44A0-9179-042187FB3CB7}.Release|x64.Build.0 = Release|Any CPU
		{702388F4-86CE-44A0-9179-042187FB3CB7}.Release|x86.ActiveCfg = Release|Any CPU
		{702388F4-86CE-44A0-9179-042187FB3CB7}.Release|x86.Build.0 = Release|Any CPU
		{225F89D3-F0C6-4A47-AEE8-B99BD60F171E}.Debug|Any CPU.ActiveCfg = Debug|Any CPU
		{225F89D3-F0C6-4A47-AEE8-B99BD60F171E}.Debug|Any CPU.Build.0 = Debug|Any CPU
		{225F89D3-F0C6-4A47-AEE8-B99BD60F171E}.Debug|x64.ActiveCfg = Debug|Any CPU
		{225F89D3-F0C6-4A47-AEE8-B99BD60F171E}.Debug|x64.Build.0 = Debug|Any CPU
		{225F89D3-F0C6-4A47-AEE8-B99BD60F171E}.Debug|x86.ActiveCfg = Debug|Any CPU
		{225F89D3-F0C6-4A47-AEE8-B99BD60F171E}.Debug|x86.Build.0 = Debug|Any CPU
		{225F89D3-F0C6-4A47-AEE8-B99BD60F171E}.Release|Any CPU.ActiveCfg = Release|Any CPU
		{225F89D3-F0C6-4A47-AEE8-B99BD60F171E}.Release|Any CPU.Build.0 = Release|Any CPU
		{225F89D3-F0C6-4A47-AEE8-B99BD60F171E}.Release|x64.ActiveCfg = Release|Any CPU
		{225F89D3-F0C6-4A47-AEE8-B99BD60F171E}.Release|x64.Build.0 = Release|Any CPU
		{225F89D3-F0C6-4A47-AEE8-B99BD60F171E}.Release|x86.ActiveCfg = Release|Any CPU
		{225F89D3-F0C6-4A47-AEE8-B99BD60F171E}.Release|x86.Build.0 = Release|Any CPU
	EndGlobalSection
	GlobalSection(SolutionProperties) = preSolution
		HideSolutionNode = FALSE
	EndGlobalSection
	GlobalSection(NestedProjects) = preSolution
		{5A8F7987-4964-4CCE-B86B-43CA34CBE0F6} = {5D150715-C60C-43C4-82DA-55751411A175}
		{FCCB77A8-CA41-4B84-8453-1370DF20517A} = {5D150715-C60C-43C4-82DA-55751411A175}
		{31051A58-EDF2-4001-B984-806E3545D2D9} = {5D150715-C60C-43C4-82DA-55751411A175}
		{5264DF36-3F8B-45E9-9A75-F16FDC121A7E} = {5D150715-C60C-43C4-82DA-55751411A175}
		{7E055E8A-DA7E-4BA9-8A6F-E01036539DC3} = {5D150715-C60C-43C4-82DA-55751411A175}
		{851A724A-AE70-445F-A037-7CB2F149D5CE} = {5D150715-C60C-43C4-82DA-55751411A175}
		{A6E175C5-DFD0-45F9-83CC-E00E7DA79CFE} = {5D150715-C60C-43C4-82DA-55751411A175}
		{0F95E1A9-23F5-44B9-9742-1A466D5DE40C} = {5D150715-C60C-43C4-82DA-55751411A175}
		{6A098DA8-4B15-48E9-AD2B-6F1D2B880E5F} = {5D150715-C60C-43C4-82DA-55751411A175}
		{CE7BB68C-F0B6-4C29-BED6-6A750CC301E6} = {5D150715-C60C-43C4-82DA-55751411A175}
		{C71A49EA-3181-4AAB-BCCE-AB1E76975FAA} = {5D150715-C60C-43C4-82DA-55751411A175}
		{D167527C-C653-416C-891B-BAA4DAAB8E72} = {D563C3E4-DFF3-47CB-BACA-F3F2E42A36AB}
		{0EC7682B-940A-485F-A22A-483E3CA105D5} = {5D150715-C60C-43C4-82DA-55751411A175}
		{3625BAAE-0038-4762-90E5-25EC1E1C7BAE} = {5D150715-C60C-43C4-82DA-55751411A175}
		{526E03E5-1625-440D-8EA2-BA60BE76BDB3} = {5D150715-C60C-43C4-82DA-55751411A175}
	EndGlobalSection
	GlobalSection(ExtensibilityGlobals) = postSolution
		SolutionGuid = {0EEEFE09-D88B-4980-9799-F640056182B4}
	EndGlobalSection
EndGlobal
